
Microsoft Visual Studio Solution File, Format Version 12.00
# Visual Studio Version 17
VisualStudioVersion = 17.1.32407.343
MinimumVisualStudioVersion = 10.0.40219.1
Project("{9A19103F-16F7-4668-BE54-9A1E7A4F7556}") = "DesignPatterns_Week3", "DesignPatterns_Week3\DesignPatterns_Week3.csproj", "{587B4912-D873-4DFC-BEF4-BFE9F6BDD041}"
EndProject
Global
	GlobalSection(SolutionConfigurationPlatforms) = preSolution
		Debug|Any CPU = Debug|Any CPU
		Release|Any CPU = Release|Any CPU
	EndGlobalSection
	GlobalSection(ProjectConfigurationPlatforms) = postSolution
		{587B4912-D873-4DFC-BEF4-BFE9F6BDD041}.Debug|Any CPU.ActiveCfg = Debug|Any CPU
		{587B4912-D873-4DFC-BEF4-BFE9F6BDD041}.Debug|Any CPU.Build.0 = Debug|Any CPU
		{587B4912-D873-4DFC-BEF4-BFE9F6BDD041}.Release|Any CPU.ActiveCfg = Release|Any CPU
		{587B4912-D873-4DFC-BEF4-BFE9F6BDD041}.Release|Any CPU.Build.0 = Release|Any CPU
	EndGlobalSection
	GlobalSection(SolutionProperties) = preSolution
		HideSolutionNode = FALSE
	EndGlobalSection
	GlobalSection(ExtensibilityGlobals) = postSolution
		SolutionGuid = {BD00FBAC-FF86-4B6E-8A72-765F13DB124D}
	EndGlobalSection
EndGlobal
